
Microsoft Visual Studio Solution File, Format Version 12.00
# Visual Studio Version 17
VisualStudioVersion = 17.2.32630.192
MinimumVisualStudioVersion = 10.0.40219.1
Project("{8BC9CEB8-8B4A-11D0-8D11-00A0C91BC942}") = "Imgui_framework", "Imgui_framework\Imgui_framework.vcxproj", "{531A9DA4-4F3C-4E2D-A219-EE8158FC9920}"
EndProject
Project("{8BC9CEB8-8B4A-11D0-8D11-00A0C91BC942}") = "Examble_project", "Examble_project\Examble_project.vcxproj", "{0E7CF604-5749-46C2-AFA0-BBE314EB63F5}"
	ProjectSection(ProjectDependencies) = postProject
		{531A9DA4-4F3C-4E2D-A219-EE8158FC9920} = {531A9DA4-4F3C-4E2D-A219-EE8158FC9920}
	EndProjectSection
EndProject
Global
	GlobalSection(SolutionConfigurationPlatforms) = preSolution
		Debug|x64 = Debug|x64
		Debug|x86 = Debug|x86
		Release|x64 = Release|x64
		Release|x86 = Release|x86
	EndGlobalSection
	GlobalSection(ProjectConfigurationPlatforms) = postSolution
		{531A9DA4-4F3C-4E2D-A219-EE8158FC9920}.Debug|x64.ActiveCfg = Debug|x64
		{531A9DA4-4F3C-4E2D-A219-EE8158FC9920}.Debug|x64.Build.0 = Debug|x64
		{531A9DA4-4F3C-4E2D-A219-EE8158FC9920}.Debug|x86.ActiveCfg = Debug|Win32
		{531A9DA4-4F3C-4E2D-A219-EE8158FC9920}.Debug|x86.Build.0 = Debug|Win32
		{531A9DA4-4F3C-4E2D-A219-EE8158FC9920}.Release|x64.ActiveCfg = Release|x64
		{531A9DA4-4F3C-4E2D-A219-EE8158FC9920}.Release|x64.Build.0 = Release|x64
		{531A9DA4-4F3C-4E2D-A219-EE8158FC9920}.Release|x86.ActiveCfg = Release|Win32
		{531A9DA4-4F3C-4E2D-A219-EE8158FC9920}.Release|x86.Build.0 = Release|Win32
		{0E7CF604-5749-46C2-AFA0-BBE314EB63F5}.Debug|x64.ActiveCfg = Debug|x64
		{0E7CF604-5749-46C2-AFA0-BBE314EB63F5}.Debug|x64.Build.0 = Debug|x64
		{0E7CF604-5749-46C2-AFA0-BBE314EB63F5}.Debug|x86.ActiveCfg = Debug|Win32
		{0E7CF604-5749-46C2-AFA0-BBE314EB63F5}.Debug|x86.Build.0 = Debug|Win32
		{0E7CF604-5749-46C2-AFA0-BBE314EB63F5}.Release|x64.ActiveCfg = Release|x64
		{0E7CF604-5749-46C2-AFA0-BBE314EB63F5}.Release|x64.Build.0 = Release|x64
		{0E7CF604-5749-46C2-AFA0-BBE314EB63F5}.Release|x86.ActiveCfg = Release|Win32
		{0E7CF604-5749-46C2-AFA0-BBE314EB63F5}.Release|x86.Build.0 = Release|Win32
	EndGlobalSection
	GlobalSection(SolutionProperties) = preSolution
		HideSolutionNode = FALSE
	EndGlobalSection
	GlobalSection(ExtensibilityGlobals) = postSolution
		SolutionGuid = {984DD192-A375-4774-9247-0560576378A4}
	EndGlobalSection
EndGlobal
